{
  "name": "@rawwee/wcag-cli",
  "version": "0.1.1",
  "lockfileVersion": 3,
  "requires": true,
  "packages": {
    "": {
      "name": "@rawwee/wcag-cli",
      "version": "0.1.1",
      "license": "MIT",
      "bin": {
        "wcag": "bin/wcag.js"
      },
      "engines": {
        "node": ">=18.0.0"
      }
    }
  }
}
